
Microsoft Visual Studio Solution File, Format Version 12.00
# Visual Studio Version 17
VisualStudioVersion = 17.8.34511.84
MinimumVisualStudioVersion = 10.0.40219.1
Project("{FAE04EC0-301F-11D3-BF4B-00C04F79EFBC}") = "HardwareStore", "HardwareStore\HardwareStore.csproj", "{D588A2FC-EA05-462B-9C18-265163FDEFA6}"
EndProject
Global
	GlobalSection(SolutionConfigurationPlatforms) = preSolution
		Debug|Any CPU = Debug|Any CPU
		Release|Any CPU = Release|Any CPU
	EndGlobalSection
	GlobalSection(ProjectConfigurationPlatforms) = postSolution
		{D588A2FC-EA05-462B-9C18-265163FDEFA6}.Debug|Any CPU.ActiveCfg = Debug|Any CPU
		{D588A2FC-EA05-462B-9C18-265163FDEFA6}.Debug|Any CPU.Build.0 = Debug|Any CPU
		{D588A2FC-EA05-462B-9C18-265163FDEFA6}.Release|Any CPU.ActiveCfg = Release|Any CPU
		{D588A2FC-EA05-462B-9C18-265163FDEFA6}.Release|Any CPU.Build.0 = Release|Any CPU
	EndGlobalSection
	GlobalSection(SolutionProperties) = preSolution
		HideSolutionNode = FALSE
	EndGlobalSection
	GlobalSection(ExtensibilityGlobals) = postSolution
		SolutionGuid = {068ED350-E3ED-4FFE-91F3-D9E74B00A34E}
	EndGlobalSection
EndGlobal
